PATH
  remote: .
  specs:
    MY_NEW_GEM (0.0.0)

GEM
  remote: https://rubygems.org/
  specs:
    date (3.4.1)
    debug (1.11.0)
      irb (~> 1.10)
      reline (>= 0.3.8)
    diff-lcs (1.6.2)
    docile (1.4.0)
    erb (5.0.1)
    io-console (0.8.0)
    irb (1.15.2)
      pp (>= 0.6.0)
      rdoc (>= 4.0.0)
      reline (>= 0.4.2)
    pp (0.6.2)
      prettyprint
    prettyprint (0.2.0)
    psych (5.2.6)
      date
      stringio
    rdoc (6.14.1)
      erb
      psych (>= 4.0.0)
    reline (0.6.1)
      io-console (~> 0.5)
    rspec (3.13.1)
      rspec-core (~> 3.13.0)
      rspec-expectations (~> 3.13.0)
      rspec-mocks (~> 3.13.0)
    rspec-core (3.13.4)
      rspec-support (~> 3.13.0)
    rspec-debugging (0.0.4)
      rspec-expectations (>= 3)
    rspec-expectations (3.13.5)
      diff-lcs (>= 1.2.0, < 2.0)
      rspec-support (~> 3.13.0)
    rspec-mocks (3.13.5)
      diff-lcs (>= 1.2.0, < 2.0)
      rspec-support (~> 3.13.0)
    rspec-support (3.13.4)
    simplecov (0.22.0)
      docile (~> 1.1)
      simplecov-html (~> 0.11)
      simplecov_json_formatter (~> 0.1)
    simplecov-html (0.12.3)
    simplecov_json_formatter (0.1.4)
    stringio (3.1.7)

PLATFORMS
  ruby

DEPENDENCIES
  MY_NEW_GEM!
  debug (>= 1)
  rspec (>= 3.10)
  rspec-debugging
  simplecov (>= 0.22)

BUNDLED WITH
   2.5.7
